// !$*UTF8*$!
{
	archiveVersion = 1;
	classes = {
	};
	objectVersion = 56;
	objects = {

/* Begin PBXBuildFile section */
		F09794542A8A41DA00D0F466 /* AppDelegate.swift in Sources */ = {isa = PBXBuildFile; fileRef = F09794532A8A41DA00D0F466 /* AppDelegate.swift */; };
		F09794562A8A41DA00D0F466 /* SceneDelegate.swift in Sources */ = {isa = PBXBuildFile; fileRef = F09794552A8A41DA00D0F466 /* SceneDelegate.swift */; };
		F09794582A8A41DA00D0F466 /* WeatherViewController.swift in Sources */ = {isa = PBXBuildFile; fileRef = F09794572A8A41DA00D0F466 /* WeatherViewController.swift */; };
		F097945B2A8A41DA00D0F466 /* Main.storyboard in Resources */ = {isa = PBXBuildFile; fileRef = F09794592A8A41DA00D0F466 /* Main.storyboard */; };
		F097945D2A8A41DB00D0F466 /* Assets.xcassets in Resources */ = {isa = PBXBuildFile; fileRef = F097945C2A8A41DB00D0F466 /* Assets.xcassets */; };
		F09794602A8A41DB00D0F466 /* LaunchScreen.storyboard in Resources */ = {isa = PBXBuildFile; fileRef = F097945E2A8A41DB00D0F466 /* LaunchScreen.storyboard */; };
		F09794692A8A42E800D0F466 /* UIView+Extensions.swift in Sources */ = {isa = PBXBuildFile; fileRef = F09794682A8A42E800D0F466 /* UIView+Extensions.swift */; };
		F09794712A8A5B7600D0F466 /* TempCollectionViewCell.swift in Sources */ = {isa = PBXBuildFile; fileRef = F097946F2A8A5B7600D0F466 /* TempCollectionViewCell.swift */; };
		F09794722A8A5B7600D0F466 /* TempCollectionViewCell.xib in Resources */ = {isa = PBXBuildFile; fileRef = F09794702A8A5B7600D0F466 /* TempCollectionViewCell.xib */; };
		F09794762A8A67A300D0F466 /* DetailCollectionViewCell.swift in Sources */ = {isa = PBXBuildFile; fileRef = F09794742A8A67A300D0F466 /* DetailCollectionViewCell.swift */; };
		F09794772A8A67A300D0F466 /* DetailCollectionViewCell.xib in Resources */ = {isa = PBXBuildFile; fileRef = F09794752A8A67A300D0F466 /* DetailCollectionViewCell.xib */; };
		F097947D2A8B899500D0F466 /* WeatherService.swift in Sources */ = {isa = PBXBuildFile; fileRef = F097947C2A8B899500D0F466 /* WeatherService.swift */; };
		F097947F2A8BBE0200D0F466 /* WeatherData.swift in Sources */ = {isa = PBXBuildFile; fileRef = F097947E2A8BBE0200D0F466 /* WeatherData.swift */; };
		F09794812A8BCC3800D0F466 /* WeatherViewModel.swift in Sources */ = {isa = PBXBuildFile; fileRef = F09794802A8BCC3800D0F466 /* WeatherViewModel.swift */; };
/* End PBXBuildFile section */

/* Begin PBXFileReference section */
		F09794502A8A41DA00D0F466 /* WeatherMyApp.app */ = {isa = PBXFileReference; explicitFileType = wrapper.application; includeInIndex = 0; path = WeatherMyApp.app; sourceTree = BUILT_PRODUCTS_DIR; };
		F09794532A8A41DA00D0F466 /* AppDelegate.swift */ = {isa = PBXFileReference; lastKnownFileType = sourcecode.swift; path = AppDelegate.swift; sourceTree = "<group>"; };
		F09794552A8A41DA00D0F466 /* SceneDelegate.swift */ = {isa = PBXFileReference; lastKnownFileType = sourcecode.swift; path = SceneDelegate.swift; sourceTree = "<group>"; };
		F09794572A8A41DA00D0F466 /* WeatherViewController.swift */ = {isa = PBXFileReference; lastKnownFileType = sourcecode.swift; path = WeatherViewController.swift; sourceTree = "<group>"; };
		F097945A2A8A41DA00D0F466 /* Base */ = {isa = PBXFileReference; lastKnownFileType = file.storyboard; name = Base; path = Base.lproj/Main.storyboard; sourceTree = "<group>"; };
		F097945C2A8A41DB00D0F466 /* Assets.xcassets */ = {isa = PBXFileReference; lastKnownFileType = folder.assetcatalog; path = Assets.xcassets; sourceTree = "<group>"; };
		F097945F2A8A41DB00D0F466 /* Base */ = {isa = PBXFileReference; lastKnownFileType = file.storyboard; name = Base; path = Base.lproj/LaunchScreen.storyboard; sourceTree = "<group>"; };
		F09794612A8A41DB00D0F466 /* Info.plist */ = {isa = PBXFileReference; lastKnownFileType = text.plist.xml; path = Info.plist; sourceTree = "<group>"; };
		F09794682A8A42E800D0F466 /* UIView+Extensions.swift */ = {isa = PBXFileReference; lastKnownFileType = sourcecode.swift; path = "UIView+Extensions.swift"; sourceTree = "<group>"; };
		F097946F2A8A5B7600D0F466 /* TempCollectionViewCell.swift */ = {isa = PBXFileReference; lastKnownFileType = sourcecode.swift; path = TempCollectionViewCell.swift; sourceTree = "<group>"; };
		F09794702A8A5B7600D0F466 /* TempCollectionViewCell.xib */ = {isa = PBXFileReference; lastKnownFileType = file.xib; path = TempCollectionViewCell.xib; sourceTree = "<group>"; };
		F09794742A8A67A300D0F466 /* DetailCollectionViewCell.swift */ = {isa = PBXFileReference; lastKnownFileType = sourcecode.swift; path = DetailCollectionViewCell.swift; sourceTree = "<group>"; };
		F09794752A8A67A300D0F466 /* DetailCollectionViewCell.xib */ = {isa = PBXFileReference; lastKnownFileType = file.xib; path = DetailCollectionViewCell.xib; sourceTree = "<group>"; };
		F097947C2A8B899500D0F466 /* WeatherService.swift */ = {isa = PBXFileReference; lastKnownFileType = sourcecode.swift; path = WeatherService.swift; sourceTree = "<group>"; };
		F097947E2A8BBE0200D0F466 /* WeatherData.swift */ = {isa = PBXFileReference; lastKnownFileType = sourcecode.swift; path = WeatherData.swift; sourceTree = "<group>"; };
		F09794802A8BCC3800D0F466 /* WeatherViewModel.swift */ = {isa = PBXFileReference; lastKnownFileType = sourcecode.swift; path = WeatherViewModel.swift; sourceTree = "<group>"; };
/* End PBXFileReference section */

/* Begin PBXFrameworksBuildPhase section */
		F097944D2A8A41DA00D0F466 /* Frameworks */ = {
			isa = PBXFrameworksBuildPhase;
			buildActionMask = 2147483647;
			files = (
			);
			runOnlyForDeploymentPostprocessing = 0;
		};
/* End PBXFrameworksBuildPhase section */

/* Begin PBXGroup section */
		F09794472A8A41DA00D0F466 = {
			isa = PBXGroup;
			children = (
				F09794522A8A41DA00D0F466 /* WeatherMyApp */,
				F09794512A8A41DA00D0F466 /* Products */,
			);
			sourceTree = "<group>";
		};
		F09794512A8A41DA00D0F466 /* Products */ = {
			isa = PBXGroup;
			children = (
				F09794502A8A41DA00D0F466 /* WeatherMyApp.app */,
			);
			name = Products;
			sourceTree = "<group>";
		};
		F09794522A8A41DA00D0F466 /* WeatherMyApp */ = {
			isa = PBXGroup;
			children = (
				F097947B2A8B888100D0F466 /* Services */,
				F09794782A8B886400D0F466 /* Models */,
				F097947A2A8B887B00D0F466 /* Views */,
				F09794792A8B887200D0F466 /* ViewModels */,
				F097946C2A8A5AE700D0F466 /* Cells */,
				F09794672A8A42D200D0F466 /* Extensions */,
				F09794532A8A41DA00D0F466 /* AppDelegate.swift */,
				F09794552A8A41DA00D0F466 /* SceneDelegate.swift */,
				F09794592A8A41DA00D0F466 /* Main.storyboard */,
				F097945C2A8A41DB00D0F466 /* Assets.xcassets */,
				F097945E2A8A41DB00D0F466 /* LaunchScreen.storyboard */,
				F09794612A8A41DB00D0F466 /* Info.plist */,
			);
			path = WeatherMyApp;
			sourceTree = "<group>";
		};
		F09794672A8A42D200D0F466 /* Extensions */ = {
			isa = PBXGroup;
			children = (
				F09794682A8A42E800D0F466 /* UIView+Extensions.swift */,
			);
			path = Extensions;
			sourceTree = "<group>";
		};
		F097946C2A8A5AE700D0F466 /* Cells */ = {
			isa = PBXGroup;
			children = (
				F097946D2A8A5AF000D0F466 /* CollectionViewCells */,
			);
			path = Cells;
			sourceTree = "<group>";
		};
		F097946D2A8A5AF000D0F466 /* CollectionViewCells */ = {
			isa = PBXGroup;
			children = (
				F09794732A8A678E00D0F466 /* Detail */,
				F097946E2A8A5B5300D0F466 /* Temp */,
			);
			path = CollectionViewCells;
			sourceTree = "<group>";
		};
		F097946E2A8A5B5300D0F466 /* Temp */ = {
			isa = PBXGroup;
			children = (
				F097946F2A8A5B7600D0F466 /* TempCollectionViewCell.swift */,
				F09794702A8A5B7600D0F466 /* TempCollectionViewCell.xib */,
			);
			path = Temp;
			sourceTree = "<group>";
		};
		F09794732A8A678E00D0F466 /* Detail */ = {
			isa = PBXGroup;
			children = (
				F09794742A8A67A300D0F466 /* DetailCollectionViewCell.swift */,
				F09794752A8A67A300D0F466 /* DetailCollectionViewCell.xib */,
			);
			path = Detail;
			sourceTree = "<group>";
		};
		F09794782A8B886400D0F466 /* Models */ = {
			isa = PBXGroup;
			children = (
				F097947E2A8BBE0200D0F466 /* WeatherData.swift */,
			);
			path = Models;
			sourceTree = "<group>";
		};
		F09794792A8B887200D0F466 /* ViewModels */ = {
			isa = PBXGroup;
			children = (
				F09794802A8BCC3800D0F466 /* WeatherViewModel.swift */,
			);
			path = ViewModels;
			sourceTree = "<group>";
		};
		F097947A2A8B887B00D0F466 /* Views */ = {
			isa = PBXGroup;
			children = (
				F09794572A8A41DA00D0F466 /* WeatherViewController.swift */,
			);
			path = Views;
			sourceTree = "<group>";
		};
		F097947B2A8B888100D0F466 /* Services */ = {
			isa = PBXGroup;
			children = (
				F097947C2A8B899500D0F466 /* WeatherService.swift */,
			);
			path = Services;
			sourceTree = "<group>";
		};
/* End PBXGroup section */

/* Begin PBXNativeTarget section */
		F097944F2A8A41DA00D0F466 /* WeatherMyApp */ = {
			isa = PBXNativeTarget;
			buildConfigurationList = F09794642A8A41DB00D0F466 /* Build configuration list for PBXNativeTarget "WeatherMyApp" */;
			buildPhases = (
				F097944C2A8A41DA00D0F466 /* Sources */,
				F097944D2A8A41DA00D0F466 /* Frameworks */,
				F097944E2A8A41DA00D0F466 /* Resources */,
			);
			buildRules = (
			);
			dependencies = (
			);
			name = WeatherMyApp;
			productName = WeatherMyApp;
			productReference = F09794502A8A41DA00D0F466 /* WeatherMyApp.app */;
			productType = "com.apple.product-type.application";
		};
/* End PBXNativeTarget section */

/* Begin PBXProject section */
		F09794482A8A41DA00D0F466 /* Project object */ = {
			isa = PBXProject;
			attributes = {
				BuildIndependentTargetsInParallel = 1;
				LastSwiftUpdateCheck = 1420;
				LastUpgradeCheck = 1420;
				TargetAttributes = {
					F097944F2A8A41DA00D0F466 = {
						CreatedOnToolsVersion = 14.2;
					};
				};
			};
			buildConfigurationList = F097944B2A8A41DA00D0F466 /* Build configuration list for PBXProject "WeatherMyApp" */;
			compatibilityVersion = "Xcode 14.0";
			developmentRegion = en;
			hasScannedForEncodings = 0;
			knownRegions = (
				en,
				Base,
			);
			mainGroup = F09794472A8A41DA00D0F466;
			productRefGroup = F09794512A8A41DA00D0F466 /* Products */;
			projectDirPath = "";
			projectRoot = "";
			targets = (
				F097944F2A8A41DA00D0F466 /* WeatherMyApp */,
			);
		};
/* End PBXProject section */

/* Begin PBXResourcesBuildPhase section */
		F097944E2A8A41DA00D0F466 /* Resources */ = {
			isa = PBXResourcesBuildPhase;
			buildActionMask = 2147483647;
			files = (
				F09794722A8A5B7600D0F466 /* TempCollectionViewCell.xib in Resources */,
				F09794602A8A41DB00D0F466 /* LaunchScreen.storyboard in Resources */,
				F097945D2A8A41DB00D0F466 /* Assets.xcassets in Resources */,
				F097945B2A8A41DA00D0F466 /* Main.storyboard in Resources */,
				F09794772A8A67A300D0F466 /* DetailCollectionViewCell.xib in Resources */,
			);
			runOnlyForDeploymentPostprocessing = 0;
		};
/* End PBXResourcesBuildPhase section */

/* Begin PBXSourcesBuildPhase section */
		F097944C2A8A41DA00D0F466 /* Sources */ = {
			isa = PBXSourcesBuildPhase;
			buildActionMask = 2147483647;
			files = (
				F09794582A8A41DA00D0F466 /* WeatherViewController.swift in Sources */,
				F09794812A8BCC3800D0F466 /* WeatherViewModel.swift in Sources */,
				F09794542A8A41DA00D0F466 /* AppDelegate.swift in Sources */,
				F09794712A8A5B7600D0F466 /* TempCollectionViewCell.swift in Sources */,
				F09794692A8A42E800D0F466 /* UIView+Extensions.swift in Sources */,
				F09794562A8A41DA00D0F466 /* SceneDelegate.swift in Sources */,
				F09794762A8A67A300D0F466 /* DetailCollectionViewCell.swift in Sources */,
				F097947F2A8BBE0200D0F466 /* WeatherData.swift in Sources */,
				F097947D2A8B899500D0F466 /* WeatherService.swift in Sources */,
			);
			runOnlyForDeploymentPostprocessing = 0;
		};
/* End PBXSourcesBuildPhase section */

/* Begin PBXVariantGroup section */
		F09794592A8A41DA00D0F466 /* Main.storyboard */ = {
			isa = PBXVariantGroup;
			children = (
				F097945A2A8A41DA00D0F466 /* Base */,
			);
			name = Main.storyboard;
			sourceTree = "<group>";
		};
		F097945E2A8A41DB00D0F466 /* LaunchScreen.storyboard */ = {
			isa = PBXVariantGroup;
			children = (
				F097945F2A8A41DB00D0F466 /* Base */,
			);
			name = LaunchScreen.storyboard;
			sourceTree = "<group>";
		};
/* End PBXVariantGroup section */

/* Begin XCBuildConfiguration section */
		F09794622A8A41DB00D0F466 /* Debug */ = {
			isa = XCBuildConfiguration;
			buildSettings = {
				ALWAYS_SEARCH_USER_PATHS = NO;
				CLANG_ANALYZER_NONNULL = YES;
				CLANG_ANALYZER_NUMBER_OBJECT_CONVERSION = YES_AGGRESSIVE;
				CLANG_CXX_LANGUAGE_STANDARD = "gnu++20";
				CLANG_ENABLE_MODULES = YES;
				CLANG_ENABLE_OBJC_ARC = YES;
				CLANG_ENABLE_OBJC_WEAK = YES;
				CLANG_WARN_BLOCK_CAPTURE_AUTORELEASING = YES;
				CLANG_WARN_BOOL_CONVERSION = YES;
				CLANG_WARN_COMMA = YES;
				CLANG_WARN_CONSTANT_CONVERSION = YES;
				CLANG_WARN_DEPRECATED_OBJC_IMPLEMENTATIONS = YES;
				CLANG_WARN_DIRECT_OBJC_ISA_USAGE = YES_ERROR;
				CLANG_WARN_DOCUMENTATION_COMMENTS = YES;
				CLANG_WARN_EMPTY_BODY = YES;
				CLANG_WARN_ENUM_CONVERSION = YES;
				CLANG_WARN_INFINITE_RECURSION = YES;
				CLANG_WARN_INT_CONVERSION = YES;
				CLANG_WARN_NON_LITERAL_NULL_CONVERSION = YES;
				CLANG_WARN_OBJC_IMPLICIT_RETAIN_SELF = YES;
				CLANG_WARN_OBJC_LITERAL_CONVERSION = YES;
				CLANG_WARN_OBJC_ROOT_CLASS = YES_ERROR;
				CLANG_WARN_QUOTED_INCLUDE_IN_FRAMEWORK_HEADER = YES;
				CLANG_WARN_RANGE_LOOP_ANALYSIS = YES;
				CLANG_WARN_STRICT_PROTOTYPES = YES;
				CLANG_WARN_SUSPICIOUS_MOVE = YES;
				CLANG_WARN_UNGUARDED_AVAILABILITY = YES_AGGRESSIVE;
				CLANG_WARN_UNREACHABLE_CODE = YES;
				CLANG_WARN__DUPLICATE_METHOD_MATCH = YES;
				COPY_PHASE_STRIP = NO;
				DEBUG_INFORMATION_FORMAT = dwarf;
				ENABLE_STRICT_OBJC_MSGSEND = YES;
				ENABLE_TESTABILITY = YES;
				GCC_C_LANGUAGE_STANDARD = gnu11;
				GCC_DYNAMIC_NO_PIC = NO;
				GCC_NO_COMMON_BLOCKS = YES;
				GCC_OPTIMIZATION_LEVEL = 0;
				GCC_PREPROCESSOR_DEFINITIONS = (
					"DEBUG=1",
					"$(inherited)",
				);
				GCC_WARN_64_TO_32_BIT_CONVERSION = YES;
				GCC_WARN_ABOUT_RETURN_TYPE = YES_ERROR;
				GCC_WARN_UNDECLARED_SELECTOR = YES;
				GCC_WARN_UNINITIALIZED_AUTOS = YES_AGGRESSIVE;
				GCC_WARN_UNUSED_FUNCTION = YES;
				GCC_WARN_UNUSED_VARIABLE = YES;
				IPHONEOS_DEPLOYMENT_TARGET = 16.2;
				MTL_ENABLE_DEBUG_INFO = INCLUDE_SOURCE;
				MTL_FAST_MATH = YES;
				ONLY_ACTIVE_ARCH = YES;
				SDKROOT = iphoneos;
				SWIFT_ACTIVE_COMPILATION_CONDITIONS = DEBUG;
				SWIFT_OPTIMIZATION_LEVEL = "-Onone";
			};
			name = Debug;
		};
		F09794632A8A41DB00D0F466 /* Release */ = {
			isa = XCBuildConfiguration;
			buildSettings = {
				ALWAYS_SEARCH_USER_PATHS = NO;
				CLANG_ANALYZER_NONNULL = YES;
				CLANG_ANALYZER_NUMBER_OBJECT_CONVERSION = YES_AGGRESSIVE;
				CLANG_CXX_LANGUAGE_STANDARD = "gnu++20";
				CLANG_ENABLE_MODULES = YES;
				CLANG_ENABLE_OBJC_ARC = YES;
				CLANG_ENABLE_OBJC_WEAK = YES;
				CLANG_WARN_BLOCK_CAPTURE_AUTORELEASING = YES;
				CLANG_WARN_BOOL_CONVERSION = YES;
				CLANG_WARN_COMMA = YES;
				CLANG_WARN_CONSTANT_CONVERSION = YES;
				CLANG_WARN_DEPRECATED_OBJC_IMPLEMENTATIONS = YES;
				CLANG_WARN_DIRECT_OBJC_ISA_USAGE = YES_ERROR;
				CLANG_WARN_DOCUMENTATION_COMMENTS = YES;
				CLANG_WARN_EMPTY_BODY = YES;
				CLANG_WARN_ENUM_CONVERSION = YES;
				CLANG_WARN_INFINITE_RECURSION = YES;
				CLANG_WARN_INT_CONVERSION = YES;
				CLANG_WARN_NON_LITERAL_NULL_CONVERSION = YES;
				CLANG_WARN_OBJC_IMPLICIT_RETAIN_SELF = YES;
				CLANG_WARN_OBJC_LITERAL_CONVERSION = YES;
				CLANG_WARN_OBJC_ROOT_CLASS = YES_ERROR;
				CLANG_WARN_QUOTED_INCLUDE_IN_FRAMEWORK_HEADER = YES;
				CLANG_WARN_RANGE_LOOP_ANALYSIS = YES;
				CLANG_WARN_STRICT_PROTOTYPES = YES;
				CLANG_WARN_SUSPICIOUS_MOVE = YES;
				CLANG_WARN_UNGUARDED_AVAILABILITY = YES_AGGRESSIVE;
				CLANG_WARN_UNREACHABLE_CODE = YES;
				CLANG_WARN__DUPLICATE_METHOD_MATCH = YES;
				COPY_PHASE_STRIP = NO;
				DEBUG_INFORMATION_FORMAT = "dwarf-with-dsym";
				ENABLE_NS_ASSERTIONS = NO;
				ENABLE_STRICT_OBJC_MSGSEND = YES;
				GCC_C_LANGUAGE_STANDARD = gnu11;
				GCC_NO_COMMON_BLOCKS = YES;
				GCC_WARN_64_TO_32_BIT_CONVERSION = YES;
				GCC_WARN_ABOUT_RETURN_TYPE = YES_ERROR;
				GCC_WARN_UNDECLARED_SELECTOR = YES;
				GCC_WARN_UNINITIALIZED_AUTOS = YES_AGGRESSIVE;
				GCC_WARN_UNUSED_FUNCTION = YES;
				GCC_WARN_UNUSED_VARIABLE = YES;
				IPHONEOS_DEPLOYMENT_TARGET = 16.2;
				MTL_ENABLE_DEBUG_INFO = NO;
				MTL_FAST_MATH = YES;
				SDKROOT = iphoneos;
				SWIFT_COMPILATION_MODE = wholemodule;
				SWIFT_OPTIMIZATION_LEVEL = "-O";
				VALIDATE_PRODUCT = YES;
			};
			name = Release;
		};
		F09794652A8A41DB00D0F466 /* Debug */ = {
			isa = XCBuildConfiguration;
			buildSettings = {
				ASSETCATALOG_COMPILER_APPICON_NAME = AppIcon;
				ASSETCATALOG_COMPILER_GLOBAL_ACCENT_COLOR_NAME = AccentColor;
				CODE_SIGN_STYLE = Automatic;
				CURRENT_PROJECT_VERSION = 1;
				DEVELOPMENT_TEAM = JF2T5HNS2H;
				GENERATE_INFOPLIST_FILE = YES;
				INFOPLIST_FILE = WeatherMyApp/Info.plist;
				INFOPLIST_KEY_UIApplicationSupportsIndirectInputEvents = YES;
				INFOPLIST_KEY_UILaunchStoryboardName = LaunchScreen;
				INFOPLIST_KEY_UIMainStoryboardFile = Main;
				INFOPLIST_KEY_UISupportedInterfaceOrientations_iPad = "UIInterfaceOrientationPortrait UIInterfaceOrientationPortraitUpsideDown UIInterfaceOrientationLandscapeLeft UIInterfaceOrientationLandscapeRight";
				INFOPLIST_KEY_UISupportedInterfaceOrientations_iPhone = "UIInterfaceOrientationPortrait UIInterfaceOrientationLandscapeLeft UIInterfaceOrientationLandscapeRight";
				LD_RUNPATH_SEARCH_PATHS = (
					"$(inherited)",
					"@executable_path/Frameworks",
				);
				MARKETING_VERSION = 1.0;
				PRODUCT_BUNDLE_IDENTIFIER = com.kadirhankeles.WeatherMyApp;
				PRODUCT_NAME = "$(TARGET_NAME)";
				SWIFT_EMIT_LOC_STRINGS = YES;
				SWIFT_VERSION = 5.0;
				TARGETED_DEVICE_FAMILY = "1,2";
			};
			name = Debug;
		};
		F09794662A8A41DB00D0F466 /* Release */ = {
			isa = XCBuildConfiguration;
			buildSettings = {
				ASSETCATALOG_COMPILER_APPICON_NAME = AppIcon;
				ASSETCATALOG_COMPILER_GLOBAL_ACCENT_COLOR_NAME = AccentColor;
				CODE_SIGN_STYLE = Automatic;
				CURRENT_PROJECT_VERSION = 1;
				DEVELOPMENT_TEAM = JF2T5HNS2H;
				GENERATE_INFOPLIST_FILE = YES;
				INFOPLIST_FILE = WeatherMyApp/Info.plist;
				INFOPLIST_KEY_UIApplicationSupportsIndirectInputEvents = YES;
				INFOPLIST_KEY_UILaunchStoryboardName = LaunchScreen;
				INFOPLIST_KEY_UIMainStoryboardFile = Main;
				INFOPLIST_KEY_UISupportedInterfaceOrientations_iPad = "UIInterfaceOrientationPortrait UIInterfaceOrientationPortraitUpsideDown UIInterfaceOrientationLandscapeLeft UIInterfaceOrientationLandscapeRight";
				INFOPLIST_KEY_UISupportedInterfaceOrientations_iPhone = "UIInterfaceOrientationPortrait UIInterfaceOrientationLandscapeLeft UIInterfaceOrientationLandscapeRight";
				LD_RUNPATH_SEARCH_PATHS = (
					"$(inherited)",
					"@executable_path/Frameworks",
				);
				MARKETING_VERSION = 1.0;
				PRODUCT_BUNDLE_IDENTIFIER = com.kadirhankeles.WeatherMyApp;
				PRODUCT_NAME = "$(TARGET_NAME)";
				SWIFT_EMIT_LOC_STRINGS = YES;
				SWIFT_VERSION = 5.0;
				TARGETED_DEVICE_FAMILY = "1,2";
			};
			name = Release;
		};
/* End XCBuildConfiguration section */

/* Begin XCConfigurationList section */
		F097944B2A8A41DA00D0F466 /* Build configuration list for PBXProject "WeatherMyApp" */ = {
			isa = XCConfigurationList;
			buildConfigurations = (
				F09794622A8A41DB00D0F466 /* Debug */,
				F09794632A8A41DB00D0F466 /* Release */,
			);
			defaultConfigurationIsVisible = 0;
			defaultConfigurationName = Release;
		};
		F09794642A8A41DB00D0F466 /* Build configuration list for PBXNativeTarget "WeatherMyApp" */ = {
			isa = XCConfigurationList;
			buildConfigurations = (
				F09794652A8A41DB00D0F466 /* Debug */,
				F09794662A8A41DB00D0F466 /* Release */,
			);
			defaultConfigurationIsVisible = 0;
			defaultConfigurationName = Release;
		};
/* End XCConfigurationList section */
	};
	rootObject = F09794482A8A41DA00D0F466 /* Project object */;
}
